
Microsoft Visual Studio Solution File, Format Version 12.00
# Visual Studio Version 17
VisualStudioVersion = 17.12.35506.116
MinimumVisualStudioVersion = 10.0.40219.1
Project("{FAE04EC0-301F-11D3-BF4B-00C04F79EFBC}") = "session02_assignment", "session02_assignment\session02_assignment.csproj", "{9BDD5D29-FBBC-4763-8093-3B558DC3A330}"
EndProject
Project("{FAE04EC0-301F-11D3-BF4B-00C04F79EFBC}") = "session_03_assignment", "session_03_assignment\session_03_assignment.csproj", "{376A257E-50D7-4C57-AF01-9733D4D7E908}"
EndProject
Project("{FAE04EC0-301F-11D3-BF4B-00C04F79EFBC}") = "session_4_Assignment", "session_4_Assignment\session_4_Assignment.csproj", "{7A4972A7-B82F-4D0E-81F1-17D26616E67B}"
EndProject
Project("{FAE04EC0-301F-11D3-BF4B-00C04F79EFBC}") = "Session05_assignment", "Session05_assignment\Session05_assignment.csproj", "{6612D029-1243-4D5B-8781-DB7EBD8625D3}"
EndProject
Global
	GlobalSection(SolutionConfigurationPlatforms) = preSolution
		Debug|Any CPU = Debug|Any CPU
		Release|Any CPU = Release|Any CPU
	EndGlobalSection
	GlobalSection(ProjectConfigurationPlatforms) = postSolution
		{9BDD5D29-FBBC-4763-8093-3B558DC3A330}.Debug|Any CPU.ActiveCfg = Debug|Any CPU
		{9BDD5D29-FBBC-4763-8093-3B558DC3A330}.Debug|Any CPU.Build.0 = Debug|Any CPU
		{9BDD5D29-FBBC-4763-8093-3B558DC3A330}.Release|Any CPU.ActiveCfg = Release|Any CPU
		{9BDD5D29-FBBC-4763-8093-3B558DC3A330}.Release|Any CPU.Build.0 = Release|Any CPU
		{376A257E-50D7-4C57-AF01-9733D4D7E908}.Debug|Any CPU.ActiveCfg = Debug|Any CPU
		{376A257E-50D7-4C57-AF01-9733D4D7E908}.Debug|Any CPU.Build.0 = Debug|Any CPU
		{376A257E-50D7-4C57-AF01-9733D4D7E908}.Release|Any CPU.ActiveCfg = Release|Any CPU
		{376A257E-50D7-4C57-AF01-9733D4D7E908}.Release|Any CPU.Build.0 = Release|Any CPU
		{7A4972A7-B82F-4D0E-81F1-17D26616E67B}.Debug|Any CPU.ActiveCfg = Debug|Any CPU
		{7A4972A7-B82F-4D0E-81F1-17D26616E67B}.Debug|Any CPU.Build.0 = Debug|Any CPU
		{7A4972A7-B82F-4D0E-81F1-17D26616E67B}.Release|Any CPU.ActiveCfg = Release|Any CPU
		{7A4972A7-B82F-4D0E-81F1-17D26616E67B}.Release|Any CPU.Build.0 = Release|Any CPU
		{6612D029-1243-4D5B-8781-DB7EBD8625D3}.Debug|Any CPU.ActiveCfg = Debug|Any CPU
		{6612D029-1243-4D5B-8781-DB7EBD8625D3}.Debug|Any CPU.Build.0 = Debug|Any CPU
		{6612D029-1243-4D5B-8781-DB7EBD8625D3}.Release|Any CPU.ActiveCfg = Release|Any CPU
		{6612D029-1243-4D5B-8781-DB7EBD8625D3}.Release|Any CPU.Build.0 = Release|Any CPU
	EndGlobalSection
	GlobalSection(SolutionProperties) = preSolution
		HideSolutionNode = FALSE
	EndGlobalSection
EndGlobal
